{
  "name": "pkgmgr-node-import",
  "version": "0.0.0",
  "lockfileVersion": 3,
  "requires": true,
  "packages": {
    "": {
      "name": "pkgmgr-node-import",
      "version": "0.0.0",
      "dependencies": {
        "vlt": "1.0.2"
      }
    },
    "node_modules/vlt": {
      "version": "1.0.2",
      "resolved": "https://registry.npmjs.org/vlt/-/vlt-1.0.2.tgz",
      "integrity": "sha512-ZbviHaqrZSqo+ofr48gJ7LzmaUYjTCcL9tUwGRUcKXvYoi1KhLF1fn78y43VdnbW6kxKwutfRE84RYs/QkjiqA==",
      "license": "BSD-2-Clause-Patent",
      "bin": {
        "vlr": "vlr.js",
        "vlrx": "vlrx.js",
        "vlt": "vlt.js",
        "vlx": "vlx.js",
        "vlxl": "vlxl.js"
      },
      "engines": {
        "node": ">=22.22.0"
      }
    }
  }
}
