{
  "name": "pkgmgr-node-import",
  "version": "0.0.0",
  "lockfileVersion": 3,
  "requires": true,
  "packages": {
    "": {
      "name": "pkgmgr-node-import",
      "version": "0.0.0",
      "dependencies": {
        "vlt": "1.0.3"
      }
    },
    "node_modules/vlt": {
      "version": "1.0.3",
      "resolved": "https://registry.npmjs.org/vlt/-/vlt-1.0.3.tgz",
      "integrity": "sha512-EJfJ63qRRPmbcQRVjkQ7jVz3clBsVewL0oN3CKQNXfBzU1nnX4DSuP7GHbNnUwQKwjmVbyjkyqi1ga9oMjEfGg==",
      "bin": {
        "vlr": "vlr.js",
        "vlrx": "vlrx.js",
        "vlt": "vlt.js",
        "vlx": "vlx.js",
        "vlxl": "vlxl.js"
      },
      "engines": {
        "node": ">=22.22.0"
      }
    }
  }
}
