{
  "name": "pkgmgr-node-import",
  "version": "0.0.0",
  "lockfileVersion": 3,
  "requires": true,
  "packages": {
    "": {
      "name": "pkgmgr-node-import",
      "version": "0.0.0",
      "dependencies": {
        "vlt": "1.3.6"
      }
    },
    "node_modules/vlt": {
      "version": "1.3.6",
      "resolved": "https://registry.npmjs.org/vlt/-/vlt-1.3.6.tgz",
      "integrity": "sha512-ooaGujc9YBedp6OOIbDc8OvCaUEvwjwgMEJji1NySzVdfd3u6d0q90Sey4IEYctGUD249LSOxyE/+6aG4QvqWw==",
      "license": "BSD-2-Clause-Patent",
      "bin": {
        "vlr": "vlr.js",
        "vlrx": "vlrx.js",
        "vlt": "vlt.js",
        "vlx": "vlx.js",
        "vlxl": "vlxl.js"
      },
      "engines": {
        "node": ">=22.22.0"
      }
    }
  }
}
